
Microsoft Visual Studio Solution File, Format Version 11.00
# Visual Studio 2010
Project("{FAE04EC0-301F-11D3-BF4B-00C04F79EFBC}") = "PrintRestSOE", "PrintRestSOE\PrintRestSOE.csproj", "{5AF8A3A3-08A0-4CC4-8829-EB5F77980DEA}"
EndProject
Project("{FAE04EC0-301F-11D3-BF4B-00C04F79EFBC}") = "PrintMap", "PrintMap\PrintMap.csproj", "{A53ED856-EB8C-4CEE-9304-7344F6DA517B}"
EndProject
Global
	GlobalSection(SolutionConfigurationPlatforms) = preSolution
		Debug|Any CPU = Debug|Any CPU
		Debug|Mixed Platforms = Debug|Mixed Platforms
		Debug|x86 = Debug|x86
		Release|Any CPU = Release|Any CPU
		Release|Mixed Platforms = Release|Mixed Platforms
		Release|x86 = Release|x86
	EndGlobalSection
	GlobalSection(ProjectConfigurationPlatforms) = postSolution
		{5AF8A3A3-08A0-4CC4-8829-EB5F77980DEA}.Debug|Any CPU.ActiveCfg = Debug|Any CPU
		{5AF8A3A3-08A0-4CC4-8829-EB5F77980DEA}.Debug|Any CPU.Build.0 = Debug|Any CPU
		{5AF8A3A3-08A0-4CC4-8829-EB5F77980DEA}.Debug|Mixed Platforms.ActiveCfg = Debug|Any CPU
		{5AF8A3A3-08A0-4CC4-8829-EB5F77980DEA}.Debug|Mixed Platforms.Build.0 = Debug|Any CPU
		{5AF8A3A3-08A0-4CC4-8829-EB5F77980DEA}.Debug|x86.ActiveCfg = Debug|Any CPU
		{5AF8A3A3-08A0-4CC4-8829-EB5F77980DEA}.Release|Any CPU.ActiveCfg = Release|Any CPU
		{5AF8A3A3-08A0-4CC4-8829-EB5F77980DEA}.Release|Any CPU.Build.0 = Release|Any CPU
		{5AF8A3A3-08A0-4CC4-8829-EB5F77980DEA}.Release|Mixed Platforms.ActiveCfg = Release|Any CPU
		{5AF8A3A3-08A0-4CC4-8829-EB5F77980DEA}.Release|Mixed Platforms.Build.0 = Release|Any CPU
		{5AF8A3A3-08A0-4CC4-8829-EB5F77980DEA}.Release|x86.ActiveCfg = Release|Any CPU
		{A53ED856-EB8C-4CEE-9304-7344F6DA517B}.Debug|Any CPU.ActiveCfg = Debug|Any CPU
		{A53ED856-EB8C-4CEE-9304-7344F6DA517B}.Debug|Any CPU.Build.0 = Debug|Any CPU
		{A53ED856-EB8C-4CEE-9304-7344F6DA517B}.Debug|Mixed Platforms.ActiveCfg = Debug|Any CPU
		{A53ED856-EB8C-4CEE-9304-7344F6DA517B}.Debug|Mixed Platforms.Build.0 = Debug|Any CPU
		{A53ED856-EB8C-4CEE-9304-7344F6DA517B}.Debug|x86.ActiveCfg = Debug|Any CPU
		{A53ED856-EB8C-4CEE-9304-7344F6DA517B}.Release|Any CPU.ActiveCfg = Release|Any CPU
		{A53ED856-EB8C-4CEE-9304-7344F6DA517B}.Release|Any CPU.Build.0 = Release|Any CPU
		{A53ED856-EB8C-4CEE-9304-7344F6DA517B}.Release|Mixed Platforms.ActiveCfg = Release|Any CPU
		{A53ED856-EB8C-4CEE-9304-7344F6DA517B}.Release|Mixed Platforms.Build.0 = Release|Any CPU
		{A53ED856-EB8C-4CEE-9304-7344F6DA517B}.Release|x86.ActiveCfg = Release|Any CPU
	EndGlobalSection
	GlobalSection(SolutionProperties) = preSolution
		HideSolutionNode = FALSE
	EndGlobalSection
EndGlobal
